
Microsoft Visual Studio Solution File, Format Version 12.00
# Visual Studio Version 17
VisualStudioVersion = 17.5.002.0
MinimumVisualStudioVersion = 10.0.40219.1
Project("{2150E333-8FDC-42A3-9474-1A3956D46DE8}") = "csharp-prep", "csharp-prep", "{D8AC83F8-7C19-448D-941B-6583837CB723}"
EndProject
Project("{9A19103F-16F7-4668-BE54-9A1E7A4F7556}") = "Prep1", "csharp-prep\Prep1\Prep1.csproj", "{A5E7989C-C514-4ABA-BF97-BD46D591FA66}"
EndProject
Project("{9A19103F-16F7-4668-BE54-9A1E7A4F7556}") = "Prep2", "csharp-prep\Prep2\Prep2.csproj", "{F51100C0-7230-4616-85F2-C56AF06A337D}"
EndProject
Project("{9A19103F-16F7-4668-BE54-9A1E7A4F7556}") = "Prep3", "csharp-prep\Prep3\Prep3.csproj", "{AB06302A-17E4-4ED6-A86E-F719F161263F}"
EndProject
Project("{9A19103F-16F7-4668-BE54-9A1E7A4F7556}") = "Prep4", "csharp-prep\Prep4\Prep4.csproj", "{B9710BBD-1509-4318-A5A1-970627E14BA5}"
EndProject
Project("{9A19103F-16F7-4668-BE54-9A1E7A4F7556}") = "Prep5", "csharp-prep\Prep5\Prep5.csproj", "{C644986D-2C57-4E4B-9E8D-5EF634A8925E}"
EndProject
Project("{2150E333-8FDC-42A3-9474-1A3956D46DE8}") = "final", "final", "{7996F6DC-9887-4D79-91B5-2A6AD9857472}"
EndProject
Project("{9A19103F-16F7-4668-BE54-9A1E7A4F7556}") = "FinalProject", "final\FinalProject\FinalProject.csproj", "{0FA5CBCB-9EBF-4BE8-B330-6621F9DD6E11}"
EndProject
Project("{9A19103F-16F7-4668-BE54-9A1E7A4F7556}") = "Foundation1", "final\Foundation1\Foundation1.csproj", "{6A06EB4A-4155-423D-9567-C84301FAD0F1}"
EndProject
Project("{9A19103F-16F7-4668-BE54-9A1E7A4F7556}") = "Foundation2", "final\Foundation2\Foundation2.csproj", "{4EA876C5-EB58-4469-AD6D-B02FED08B33A}"
EndProject
Project("{9A19103F-16F7-4668-BE54-9A1E7A4F7556}") = "Foundation3", "final\Foundation3\Foundation3.csproj", "{D6139F9D-4D2E-4E9F-B09D-1EE3D78BE7FF}"
EndProject
Project("{9A19103F-16F7-4668-BE54-9A1E7A4F7556}") = "Foundation4", "final\Foundation4\Foundation4.csproj", "{81453FF9-5108-42A7-A3ED-E977D0F16952}"
EndProject
Project("{2150E333-8FDC-42A3-9474-1A3956D46DE8}") = "prepare", "prepare", "{4D6AF1DC-DED9-4956-B5CD-26B362C2EE05}"
EndProject
Project("{9A19103F-16F7-4668-BE54-9A1E7A4F7556}") = "Learning02", "prepare\Learning02\Learning02.csproj", "{C0859311-5E43-4D47-8FB7-1CC491F1350F}"
EndProject
Project("{9A19103F-16F7-4668-BE54-9A1E7A4F7556}") = "Learning03", "prepare\Learning03\Learning03.csproj", "{6815E07B-A3FF-4F51-9093-9D7D7624CE90}"
EndProject
Project("{9A19103F-16F7-4668-BE54-9A1E7A4F7556}") = "Learning04", "prepare\Learning04\Learning04.csproj", "{EE30D516-760D-40FF-B329-02C513C11DBD}"
EndProject
Project("{9A19103F-16F7-4668-BE54-9A1E7A4F7556}") = "Learning05", "prepare\Learning05\Learning05.csproj", "{EEA7C70B-47F5-45B2-A304-358F7F0828E5}"
EndProject
Project("{2150E333-8FDC-42A3-9474-1A3956D46DE8}") = "prove", "prove", "{A312B616-C722-4030-A505-52CC1C952927}"
EndProject
Project("{9A19103F-16F7-4668-BE54-9A1E7A4F7556}") = "Develop02", "prove\Develop02\Develop02.csproj", "{7BB12DB6-84AC-4274-B6B0-33506791CE7C}"
EndProject
Project("{9A19103F-16F7-4668-BE54-9A1E7A4F7556}") = "Develop03", "prove\Develop03\Develop03.csproj", "{256F2AB1-1029-4B22-B659-C10E0FC1642F}"
EndProject
Project("{9A19103F-16F7-4668-BE54-9A1E7A4F7556}") = "Develop04", "prove\Develop04\Develop04.csproj", "{67A5073A-069A-44C4-8C94-3BF41CA7B3CC}"
EndProject
Project("{9A19103F-16F7-4668-BE54-9A1E7A4F7556}") = "Develop05", "prove\Develop05\Develop05.csproj", "{9796A9DC-866A-4D46-970A-69BEC000557A}"
EndProject
Project("{2150E333-8FDC-42A3-9474-1A3956D46DE8}") = "sandbox", "sandbox", "{B5C4C3FE-B4DF-4131-87D1-5E455FBB6B97}"
EndProject
Project("{9A19103F-16F7-4668-BE54-9A1E7A4F7556}") = "Sandbox", "sandbox\Sandbox\Sandbox.csproj", "{2AC8DC5D-EFEB-41BA-8F13-4CBEF101759F}"
EndProject
Global
	GlobalSection(SolutionConfigurationPlatforms) = preSolution
		Debug|Any CPU = Debug|Any CPU
		Release|Any CPU = Release|Any CPU
	EndGlobalSection
	GlobalSection(ProjectConfigurationPlatforms) = postSolution
		{A5E7989C-C514-4ABA-BF97-BD46D591FA66}.Debug|Any CPU.ActiveCfg = Debug|Any CPU
		{A5E7989C-C514-4ABA-BF97-BD46D591FA66}.Debug|Any CPU.Build.0 = Debug|Any CPU
		{A5E7989C-C514-4ABA-BF97-BD46D591FA66}.Release|Any CPU.ActiveCfg = Release|Any CPU
		{A5E7989C-C514-4ABA-BF97-BD46D591FA66}.Release|Any CPU.Build.0 = Release|Any CPU
		{F51100C0-7230-4616-85F2-C56AF06A337D}.Debug|Any CPU.ActiveCfg = Debug|Any CPU
		{F51100C0-7230-4616-85F2-C56AF06A337D}.Debug|Any CPU.Build.0 = Debug|Any CPU
		{F51100C0-7230-4616-85F2-C56AF06A337D}.Release|Any CPU.ActiveCfg = Release|Any CPU
		{F51100C0-7230-4616-85F2-C56AF06A337D}.Release|Any CPU.Build.0 = Release|Any CPU
		{AB06302A-17E4-4ED6-A86E-F719F161263F}.Debug|Any CPU.ActiveCfg = Debug|Any CPU
		{AB06302A-17E4-4ED6-A86E-F719F161263F}.Debug|Any CPU.Build.0 = Debug|Any CPU
		{AB06302A-17E4-4ED6-A86E-F719F161263F}.Release|Any CPU.ActiveCfg = Release|Any CPU
		{AB06302A-17E4-4ED6-A86E-F719F161263F}.Release|Any CPU.Build.0 = Release|Any CPU
		{B9710BBD-1509-4318-A5A1-970627E14BA5}.Debug|Any CPU.ActiveCfg = Debug|Any CPU
		{B9710BBD-1509-4318-A5A1-970627E14BA5}.Debug|Any CPU.Build.0 = Debug|Any CPU
		{B9710BBD-1509-4318-A5A1-970627E14BA5}.Release|Any CPU.ActiveCfg = Release|Any CPU
		{B9710BBD-1509-4318-A5A1-970627E14BA5}.Release|Any CPU.Build.0 = Release|Any CPU
		{C644986D-2C57-4E4B-9E8D-5EF634A8925E}.Debug|Any CPU.ActiveCfg = Debug|Any CPU
		{C644986D-2C57-4E4B-9E8D-5EF634A8925E}.Debug|Any CPU.Build.0 = Debug|Any CPU
		{C644986D-2C57-4E4B-9E8D-5EF634A8925E}.Release|Any CPU.ActiveCfg = Release|Any CPU
		{C644986D-2C57-4E4B-9E8D-5EF634A8925E}.Release|Any CPU.Build.0 = Release|Any CPU
		{0FA5CBCB-9EBF-4BE8-B330-6621F9DD6E11}.Debug|Any CPU.ActiveCfg = Debug|Any CPU
		{0FA5CBCB-9EBF-4BE8-B330-6621F9DD6E11}.Debug|Any CPU.Build.0 = Debug|Any CPU
		{0FA5CBCB-9EBF-4BE8-B330-6621F9DD6E11}.Release|Any CPU.ActiveCfg = Release|Any CPU
		{0FA5CBCB-9EBF-4BE8-B330-6621F9DD6E11}.Release|Any CPU.Build.0 = Release|Any CPU
		{6A06EB4A-4155-423D-9567-C84301FAD0F1}.Debug|Any CPU.ActiveCfg = Debug|Any CPU
		{6A06EB4A-4155-423D-9567-C84301FAD0F1}.Debug|Any CPU.Build.0 = Debug|Any CPU
		{6A06EB4A-4155-423D-9567-C84301FAD0F1}.Release|Any CPU.ActiveCfg = Release|Any CPU
		{6A06EB4A-4155-423D-9567-C84301FAD0F1}.Release|Any CPU.Build.0 = Release|Any CPU
		{4EA876C5-EB58-4469-AD6D-B02FED08B33A}.Debug|Any CPU.ActiveCfg = Debug|Any CPU
		{4EA876C5-EB58-4469-AD6D-B02FED08B33A}.Debug|Any CPU.Build.0 = Debug|Any CPU
		{4EA876C5-EB58-4469-AD6D-B02FED08B33A}.Release|Any CPU.ActiveCfg = Release|Any CPU
		{4EA876C5-EB58-4469-AD6D-B02FED08B33A}.Release|Any CPU.Build.0 = Release|Any CPU
		{D6139F9D-4D2E-4E9F-B09D-1EE3D78BE7FF}.Debug|Any CPU.ActiveCfg = Debug|Any CPU
		{D6139F9D-4D2E-4E9F-B09D-1EE3D78BE7FF}.Debug|Any CPU.Build.0 = Debug|Any CPU
		{D6139F9D-4D2E-4E9F-B09D-1EE3D78BE7FF}.Release|Any CPU.ActiveCfg = Release|Any CPU
		{D6139F9D-4D2E-4E9F-B09D-1EE3D78BE7FF}.Release|Any CPU.Build.0 = Release|Any CPU
		{81453FF9-5108-42A7-A3ED-E977D0F16952}.Debug|Any CPU.ActiveCfg = Debug|Any CPU
		{81453FF9-5108-42A7-A3ED-E977D0F16952}.Debug|Any CPU.Build.0 = Debug|Any CPU
		{81453FF9-5108-42A7-A3ED-E977D0F16952}.Release|Any CPU.ActiveCfg = Release|Any CPU
		{81453FF9-5108-42A7-A3ED-E977D0F16952}.Release|Any CPU.Build.0 = Release|Any CPU
		{C0859311-5E43-4D47-8FB7-1CC491F1350F}.Debug|Any CPU.ActiveCfg = Debug|Any CPU
		{C0859311-5E43-4D47-8FB7-1CC491F1350F}.Debug|Any CPU.Build.0 = Debug|Any CPU
		{C0859311-5E43-4D47-8FB7-1CC491F1350F}.Release|Any CPU.ActiveCfg = Release|Any CPU
		{C0859311-5E43-4D47-8FB7-1CC491F1350F}.Release|Any CPU.Build.0 = Release|Any CPU
		{6815E07B-A3FF-4F51-9093-9D7D7624CE90}.Debug|Any CPU.ActiveCfg = Debug|Any CPU
		{6815E07B-A3FF-4F51-9093-9D7D7624CE90}.Debug|Any CPU.Build.0 = Debug|Any CPU
		{6815E07B-A3FF-4F51-9093-9D7D7624CE90}.Release|Any CPU.ActiveCfg = Release|Any CPU
		{6815E07B-A3FF-4F51-9093-9D7D7624CE90}.Release|Any CPU.Build.0 = Release|Any CPU
		{EE30D516-760D-40FF-B329-02C513C11DBD}.Debug|Any CPU.ActiveCfg = Debug|Any CPU
		{EE30D516-760D-40FF-B329-02C513C11DBD}.Debug|Any CPU.Build.0 = Debug|Any CPU
		{EE30D516-760D-40FF-B329-02C513C11DBD}.Release|Any CPU.ActiveCfg = Release|Any CPU
		{EE30D516-760D-40FF-B329-02C513C11DBD}.Release|Any CPU.Build.0 = Release|Any CPU
		{EEA7C70B-47F5-45B2-A304-358F7F0828E5}.Debug|Any CPU.ActiveCfg = Debug|Any CPU
		{EEA7C70B-47F5-45B2-A304-358F7F0828E5}.Debug|Any CPU.Build.0 = Debug|Any CPU
		{EEA7C70B-47F5-45B2-A304-358F7F0828E5}.Release|Any CPU.ActiveCfg = Release|Any CPU
		{EEA7C70B-47F5-45B2-A304-358F7F0828E5}.Release|Any CPU.Build.0 = Release|Any CPU
		{7BB12DB6-84AC-4274-B6B0-33506791CE7C}.Debug|Any CPU.ActiveCfg = Debug|Any CPU
		{7BB12DB6-84AC-4274-B6B0-33506791CE7C}.Debug|Any CPU.Build.0 = Debug|Any CPU
		{7BB12DB6-84AC-4274-B6B0-33506791CE7C}.Release|Any CPU.ActiveCfg = Release|Any CPU
		{7BB12DB6-84AC-4274-B6B0-33506791CE7C}.Release|Any CPU.Build.0 = Release|Any CPU
		{256F2AB1-1029-4B22-B659-C10E0FC1642F}.Debug|Any CPU.ActiveCfg = Debug|Any CPU
		{256F2AB1-1029-4B22-B659-C10E0FC1642F}.Debug|Any CPU.Build.0 = Debug|Any CPU
		{256F2AB1-1029-4B22-B659-C10E0FC1642F}.Release|Any CPU.ActiveCfg = Release|Any CPU
		{256F2AB1-1029-4B22-B659-C10E0FC1642F}.Release|Any CPU.Build.0 = Release|Any CPU
		{67A5073A-069A-44C4-8C94-3BF41CA7B3CC}.Debug|Any CPU.ActiveCfg = Debug|Any CPU
		{67A5073A-069A-44C4-8C94-3BF41CA7B3CC}.Debug|Any CPU.Build.0 = Debug|Any CPU
		{67A5073A-069A-44C4-8C94-3BF41CA7B3CC}.Release|Any CPU.ActiveCfg = Release|Any CPU
		{67A5073A-069A-44C4-8C94-3BF41CA7B3CC}.Release|Any CPU.Build.0 = Release|Any CPU
		{9796A9DC-866A-4D46-970A-69BEC000557A}.Debug|Any CPU.ActiveCfg = Debug|Any CPU
		{9796A9DC-866A-4D46-970A-69BEC000557A}.Debug|Any CPU.Build.0 = Debug|Any CPU
		{9796A9DC-866A-4D46-970A-69BEC000557A}.Release|Any CPU.ActiveCfg = Release|Any CPU
		{9796A9DC-866A-4D46-970A-69BEC000557A}.Release|Any CPU.Build.0 = Release|Any CPU
		{2AC8DC5D-EFEB-41BA-8F13-4CBEF101759F}.Debug|Any CPU.ActiveCfg = Debug|Any CPU
		{2AC8DC5D-EFEB-41BA-8F13-4CBEF101759F}.Debug|Any CPU.Build.0 = Debug|Any CPU
		{2AC8DC5D-EFEB-41BA-8F13-4CBEF101759F}.Release|Any CPU.ActiveCfg = Release|Any CPU
		{2AC8DC5D-EFEB-41BA-8F13-4CBEF101759F}.Release|Any CPU.Build.0 = Release|Any CPU
	EndGlobalSection
	GlobalSection(SolutionProperties) = preSolution
		HideSolutionNode = FALSE
	EndGlobalSection
	GlobalSection(NestedProjects) = preSolution
		{A5E7989C-C514-4ABA-BF97-BD46D591FA66} = {D8AC83F8-7C19-448D-941B-6583837CB723}
		{F51100C0-7230-4616-85F2-C56AF06A337D} = {D8AC83F8-7C19-448D-941B-6583837CB723}
		{AB06302A-17E4-4ED6-A86E-F719F161263F} = {D8AC83F8-7C19-448D-941B-6583837CB723}
		{B9710BBD-1509-4318-A5A1-970627E14BA5} = {D8AC83F8-7C19-448D-941B-6583837CB723}
		{C644986D-2C57-4E4B-9E8D-5EF634A8925E} = {D8AC83F8-7C19-448D-941B-6583837CB723}
		{0FA5CBCB-9EBF-4BE8-B330-6621F9DD6E11} = {7996F6DC-9887-4D79-91B5-2A6AD9857472}
		{6A06EB4A-4155-423D-9567-C84301FAD0F1} = {7996F6DC-9887-4D79-91B5-2A6AD9857472}
		{4EA876C5-EB58-4469-AD6D-B02FED08B33A} = {7996F6DC-9887-4D79-91B5-2A6AD9857472}
		{D6139F9D-4D2E-4E9F-B09D-1EE3D78BE7FF} = {7996F6DC-9887-4D79-91B5-2A6AD9857472}
		{81453FF9-5108-42A7-A3ED-E977D0F16952} = {7996F6DC-9887-4D79-91B5-2A6AD9857472}
		{C0859311-5E43-4D47-8FB7-1CC491F1350F} = {4D6AF1DC-DED9-4956-B5CD-26B362C2EE05}
		{6815E07B-A3FF-4F51-9093-9D7D7624CE90} = {4D6AF1DC-DED9-4956-B5CD-26B362C2EE05}
		{EE30D516-760D-40FF-B329-02C513C11DBD} = {4D6AF1DC-DED9-4956-B5CD-26B362C2EE05}
		{EEA7C70B-47F5-45B2-A304-358F7F0828E5} = {4D6AF1DC-DED9-4956-B5CD-26B362C2EE05}
		{7BB12DB6-84AC-4274-B6B0-33506791CE7C} = {A312B616-C722-4030-A505-52CC1C952927}
		{256F2AB1-1029-4B22-B659-C10E0FC1642F} = {A312B616-C722-4030-A505-52CC1C952927}
		{67A5073A-069A-44C4-8C94-3BF41CA7B3CC} = {A312B616-C722-4030-A505-52CC1C952927}
		{9796A9DC-866A-4D46-970A-69BEC000557A} = {A312B616-C722-4030-A505-52CC1C952927}
		{2AC8DC5D-EFEB-41BA-8F13-4CBEF101759F} = {B5C4C3FE-B4DF-4131-87D1-5E455FBB6B97}
	EndGlobalSection
	GlobalSection(ExtensibilityGlobals) = postSolution
		SolutionGuid = {1F555B05-D64C-4524-9C18-19C64A7BCE85}
	EndGlobalSection
EndGlobal
